// !$*UTF8*$!
{
	archiveVersion = 1;
	classes = {
	};
	objectVersion = 46;
	objects = {

/* Begin PBXBuildFile section */
		941C06701AC487E5008474DC /* ChoiceListController.swift in Sources */ = {isa = PBXBuildFile; fileRef = 941C066F1AC487E5008474DC /* ChoiceListController.swift */; };
		941C06721AC49294008474DC /* Tests.swift in Sources */ = {isa = PBXBuildFile; fileRef = 941C06711AC49294008474DC /* Tests.swift */; };
		941C06741AC49355008474DC /* Hex.swift in Sources */ = {isa = PBXBuildFile; fileRef = 941C06731AC49355008474DC /* Hex.swift */; };
		9454FBB61AC1A7B400C687E0 /* WindowController.swift in Sources */ = {isa = PBXBuildFile; fileRef = 9454FBB51AC1A7B400C687E0 /* WindowController.swift */; };
		9454FBB81AC1A94400C687E0 /* Chooser.swift in Sources */ = {isa = PBXBuildFile; fileRef = 9454FBB71AC1A94400C687E0 /* Chooser.swift */; };
		947818F01ABF71F70028F962 /* SearchFieldController.swift in Sources */ = {isa = PBXBuildFile; fileRef = 947818EF1ABF71F70028F962 /* SearchFieldController.swift */; };
		947818F21ABF72FC0028F962 /* Choice.swift in Sources */ = {isa = PBXBuildFile; fileRef = 947818F11ABF72FC0028F962 /* Choice.swift */; };
		949BAE3D1ABDCEF300C47FDA /* Color.swift in Sources */ = {isa = PBXBuildFile; fileRef = 949BAE3C1ABDCEF300C47FDA /* Color.swift */; };
		94CB5DAB1ABA1815009270CC /* main.swift in Sources */ = {isa = PBXBuildFile; fileRef = 94CB5DAA1ABA1815009270CC /* main.swift */; };
		94CE3E221ABD022200796385 /* CommandLine.swift in Sources */ = {isa = PBXBuildFile; fileRef = 94CE3E211ABD022200796385 /* CommandLine.swift */; };
		94CE3E241ABD053700796385 /* AppDelegate.swift in Sources */ = {isa = PBXBuildFile; fileRef = 94CE3E231ABD053700796385 /* AppDelegate.swift */; };
/* End PBXBuildFile section */

/* Begin PBXCopyFilesBuildPhase section */
		94CB5D9E1ABA1799009270CC /* CopyFiles */ = {
			isa = PBXCopyFilesBuildPhase;
			buildActionMask = 2147483647;
			dstPath = /usr/share/man/man1/;
			dstSubfolderSpec = 0;
			files = (
			);
			runOnlyForDeploymentPostprocessing = 1;
		};
/* End PBXCopyFilesBuildPhase section */

/* Begin PBXFileReference section */
		941C066F1AC487E5008474DC /* ChoiceListController.swift */ = {isa = PBXFileReference; fileEncoding = 4; lastKnownFileType = sourcecode.swift; path = ChoiceListController.swift; sourceTree = "<group>"; };
		941C06711AC49294008474DC /* Tests.swift */ = {isa = PBXFileReference; fileEncoding = 4; lastKnownFileType = sourcecode.swift; path = Tests.swift; sourceTree = "<group>"; };
		941C06731AC49355008474DC /* Hex.swift */ = {isa = PBXFileReference; fileEncoding = 4; lastKnownFileType = sourcecode.swift; path = Hex.swift; sourceTree = "<group>"; };
		9454FBB51AC1A7B400C687E0 /* WindowController.swift */ = {isa = PBXFileReference; fileEncoding = 4; lastKnownFileType = sourcecode.swift; path = WindowController.swift; sourceTree = "<group>"; };
		9454FBB71AC1A94400C687E0 /* Chooser.swift */ = {isa = PBXFileReference; fileEncoding = 4; lastKnownFileType = sourcecode.swift; path = Chooser.swift; sourceTree = "<group>"; };
		947818EF1ABF71F70028F962 /* SearchFieldController.swift */ = {isa = PBXFileReference; fileEncoding = 4; lastKnownFileType = sourcecode.swift; path = SearchFieldController.swift; sourceTree = "<group>"; };
		947818F11ABF72FC0028F962 /* Choice.swift */ = {isa = PBXFileReference; fileEncoding = 4; lastKnownFileType = sourcecode.swift; path = Choice.swift; sourceTree = "<group>"; };
		949BAE3C1ABDCEF300C47FDA /* Color.swift */ = {isa = PBXFileReference; fileEncoding = 4; lastKnownFileType = sourcecode.swift; path = Color.swift; sourceTree = "<group>"; };
		94CB5DA01ABA1799009270CC /* choose */ = {isa = PBXFileReference; explicitFileType = "compiled.mach-o.executable"; includeInIndex = 0; path = choose; sourceTree = BUILT_PRODUCTS_DIR; };
		94CB5DAA1ABA1815009270CC /* main.swift */ = {isa = PBXFileReference; fileEncoding = 4; lastKnownFileType = sourcecode.swift; path = main.swift; sourceTree = "<group>"; };
		94CB5DAC1ABA1828009270CC /* Info.plist */ = {isa = PBXFileReference; lastKnownFileType = text.plist.xml; path = Info.plist; sourceTree = "<group>"; };
		94CE3E211ABD022200796385 /* CommandLine.swift */ = {isa = PBXFileReference; fileEncoding = 4; lastKnownFileType = sourcecode.swift; path = CommandLine.swift; sourceTree = "<group>"; };
		94CE3E231ABD053700796385 /* AppDelegate.swift */ = {isa = PBXFileReference; fileEncoding = 4; lastKnownFileType = sourcecode.swift; path = AppDelegate.swift; sourceTree = "<group>"; };
/* End PBXFileReference section */

/* Begin PBXFrameworksBuildPhase section */
		94CB5D9D1ABA1799009270CC /* Frameworks */ = {
			isa = PBXFrameworksBuildPhase;
			buildActionMask = 2147483647;
			files = (
			);
			runOnlyForDeploymentPostprocessing = 0;
		};
/* End PBXFrameworksBuildPhase section */

/* Begin PBXGroup section */
		94CB5D971ABA1799009270CC = {
			isa = PBXGroup;
			children = (
				94CB5DAA1ABA1815009270CC /* main.swift */,
				94CE3E231ABD053700796385 /* AppDelegate.swift */,
				9454FBB51AC1A7B400C687E0 /* WindowController.swift */,
				947818EF1ABF71F70028F962 /* SearchFieldController.swift */,
				941C066F1AC487E5008474DC /* ChoiceListController.swift */,
				947818F11ABF72FC0028F962 /* Choice.swift */,
				9454FBB71AC1A94400C687E0 /* Chooser.swift */,
				949BAE3C1ABDCEF300C47FDA /* Color.swift */,
				941C06731AC49355008474DC /* Hex.swift */,
				94CE3E211ABD022200796385 /* CommandLine.swift */,
				941C06711AC49294008474DC /* Tests.swift */,
				94CB5DAC1ABA1828009270CC /* Info.plist */,
				94CB5DA11ABA1799009270CC /* Products */,
			);
			sourceTree = "<group>";
		};
		94CB5DA11ABA1799009270CC /* Products */ = {
			isa = PBXGroup;
			children = (
				94CB5DA01ABA1799009270CC /* choose */,
			);
			name = Products;
			sourceTree = "<group>";
		};
/* End PBXGroup section */

/* Begin PBXNativeTarget section */
		94CB5D9F1ABA1799009270CC /* choose */ = {
			isa = PBXNativeTarget;
			buildConfigurationList = 94CB5DA71ABA1799009270CC /* Build configuration list for PBXNativeTarget "choose" */;
			buildPhases = (
				94CB5D9C1ABA1799009270CC /* Sources */,
				94CB5D9D1ABA1799009270CC /* Frameworks */,
				94CB5D9E1ABA1799009270CC /* CopyFiles */,
			);
			buildRules = (
			);
			dependencies = (
			);
			name = choose;
			productName = choose;
			productReference = 94CB5DA01ABA1799009270CC /* choose */;
			productType = "com.apple.product-type.tool";
		};
/* End PBXNativeTarget section */

/* Begin PBXProject section */
		94CB5D981ABA1799009270CC /* Project object */ = {
			isa = PBXProject;
			attributes = {
				LastUpgradeCheck = 0620;
				ORGANIZATIONNAME = "Tiny Robot Software";
				TargetAttributes = {
					94CB5D9F1ABA1799009270CC = {
						CreatedOnToolsVersion = 6.2;
					};
				};
			};
			buildConfigurationList = 94CB5D9B1ABA1799009270CC /* Build configuration list for PBXProject "choose" */;
			compatibilityVersion = "Xcode 3.2";
			developmentRegion = English;
			hasScannedForEncodings = 0;
			knownRegions = (
				en,
			);
			mainGroup = 94CB5D971ABA1799009270CC;
			productRefGroup = 94CB5DA11ABA1799009270CC /* Products */;
			projectDirPath = "";
			projectRoot = "";
			targets = (
				94CB5D9F1ABA1799009270CC /* choose */,
			);
		};
/* End PBXProject section */

/* Begin PBXSourcesBuildPhase section */
		94CB5D9C1ABA1799009270CC /* Sources */ = {
			isa = PBXSourcesBuildPhase;
			buildActionMask = 2147483647;
			files = (
				947818F21ABF72FC0028F962 /* Choice.swift in Sources */,
				941C06721AC49294008474DC /* Tests.swift in Sources */,
				94CE3E241ABD053700796385 /* AppDelegate.swift in Sources */,
				941C06701AC487E5008474DC /* ChoiceListController.swift in Sources */,
				947818F01ABF71F70028F962 /* SearchFieldController.swift in Sources */,
				941C06741AC49355008474DC /* Hex.swift in Sources */,
				949BAE3D1ABDCEF300C47FDA /* Color.swift in Sources */,
				9454FBB61AC1A7B400C687E0 /* WindowController.swift in Sources */,
				94CB5DAB1ABA1815009270CC /* main.swift in Sources */,
				9454FBB81AC1A94400C687E0 /* Chooser.swift in Sources */,
				94CE3E221ABD022200796385 /* CommandLine.swift in Sources */,
			);
			runOnlyForDeploymentPostprocessing = 0;
		};
/* End PBXSourcesBuildPhase section */

/* Begin XCBuildConfiguration section */
		94CB5DA51ABA1799009270CC /* Debug */ = {
			isa = XCBuildConfiguration;
			buildSettings = {
				ALWAYS_SEARCH_USER_PATHS = NO;
				CLANG_CXX_LANGUAGE_STANDARD = "gnu++0x";
				CLANG_CXX_LIBRARY = "libc++";
				CLANG_ENABLE_MODULES = YES;
				CLANG_ENABLE_OBJC_ARC = YES;
				CLANG_WARN_BOOL_CONVERSION = YES;
				CLANG_WARN_CONSTANT_CONVERSION = YES;
				CLANG_WARN_DIRECT_OBJC_ISA_USAGE = YES_ERROR;
				CLANG_WARN_EMPTY_BODY = YES;
				CLANG_WARN_ENUM_CONVERSION = YES;
				CLANG_WARN_INT_CONVERSION = YES;
				CLANG_WARN_OBJC_ROOT_CLASS = YES_ERROR;
				CLANG_WARN_UNREACHABLE_CODE = YES;
				CLANG_WARN__DUPLICATE_METHOD_MATCH = YES;
				COPY_PHASE_STRIP = NO;
				ENABLE_STRICT_OBJC_MSGSEND = YES;
				GCC_C_LANGUAGE_STANDARD = gnu99;
				GCC_DYNAMIC_NO_PIC = NO;
				GCC_OPTIMIZATION_LEVEL = 0;
				GCC_PREPROCESSOR_DEFINITIONS = (
					"DEBUG=1",
					"$(inherited)",
				);
				GCC_SYMBOLS_PRIVATE_EXTERN = NO;
				GCC_WARN_64_TO_32_BIT_CONVERSION = YES;
				GCC_WARN_ABOUT_RETURN_TYPE = YES_ERROR;
				GCC_WARN_UNDECLARED_SELECTOR = YES;
				GCC_WARN_UNINITIALIZED_AUTOS = YES_AGGRESSIVE;
				GCC_WARN_UNUSED_FUNCTION = YES;
				GCC_WARN_UNUSED_VARIABLE = YES;
				MACOSX_DEPLOYMENT_TARGET = 10.10;
				MTL_ENABLE_DEBUG_INFO = YES;
				ONLY_ACTIVE_ARCH = YES;
				SDKROOT = macosx;
				SWIFT_OPTIMIZATION_LEVEL = "-Onone";
			};
			name = Debug;
		};
		94CB5DA61ABA1799009270CC /* Release */ = {
			isa = XCBuildConfiguration;
			buildSettings = {
				ALWAYS_SEARCH_USER_PATHS = NO;
				CLANG_CXX_LANGUAGE_STANDARD = "gnu++0x";
				CLANG_CXX_LIBRARY = "libc++";
				CLANG_ENABLE_MODULES = YES;
				CLANG_ENABLE_OBJC_ARC = YES;
				CLANG_WARN_BOOL_CONVERSION = YES;
				CLANG_WARN_CONSTANT_CONVERSION = YES;
				CLANG_WARN_DIRECT_OBJC_ISA_USAGE = YES_ERROR;
				CLANG_WARN_EMPTY_BODY = YES;
				CLANG_WARN_ENUM_CONVERSION = YES;
				CLANG_WARN_INT_CONVERSION = YES;
				CLANG_WARN_OBJC_ROOT_CLASS = YES_ERROR;
				CLANG_WARN_UNREACHABLE_CODE = YES;
				CLANG_WARN__DUPLICATE_METHOD_MATCH = YES;
				COPY_PHASE_STRIP = NO;
				DEBUG_INFORMATION_FORMAT = "dwarf-with-dsym";
				ENABLE_NS_ASSERTIONS = NO;
				ENABLE_STRICT_OBJC_MSGSEND = YES;
				GCC_C_LANGUAGE_STANDARD = gnu99;
				GCC_WARN_64_TO_32_BIT_CONVERSION = YES;
				GCC_WARN_ABOUT_RETURN_TYPE = YES_ERROR;
				GCC_WARN_UNDECLARED_SELECTOR = YES;
				GCC_WARN_UNINITIALIZED_AUTOS = YES_AGGRESSIVE;
				GCC_WARN_UNUSED_FUNCTION = YES;
				GCC_WARN_UNUSED_VARIABLE = YES;
				MACOSX_DEPLOYMENT_TARGET = 10.10;
				MTL_ENABLE_DEBUG_INFO = NO;
				SDKROOT = macosx;
			};
			name = Release;
		};
		94CB5DA81ABA1799009270CC /* Debug */ = {
			isa = XCBuildConfiguration;
			buildSettings = {
				CLANG_ENABLE_MODULES = YES;
				LD_RUNPATH_SEARCH_PATHS = "$(inherited) @executable_path/../Frameworks @loader_path/../Frameworks";
				OTHER_LDFLAGS = (
					"-sectcreate",
					__TEXT,
					__info_plist,
					"$(SRCROOT)/Info.plist",
				);
				PRODUCT_NAME = "$(TARGET_NAME)";
				SWIFT_OPTIMIZATION_LEVEL = "-Onone";
			};
			name = Debug;
		};
		94CB5DA91ABA1799009270CC /* Release */ = {
			isa = XCBuildConfiguration;
			buildSettings = {
				CLANG_ENABLE_MODULES = YES;
				LD_RUNPATH_SEARCH_PATHS = "$(inherited) @executable_path/../Frameworks @loader_path/../Frameworks";
				OTHER_LDFLAGS = (
					"-sectcreate",
					__TEXT,
					__info_plist,
					"$(SRCROOT)/Info.plist",
				);
				PRODUCT_NAME = "$(TARGET_NAME)";
			};
			name = Release;
		};
/* End XCBuildConfiguration section */

/* Begin XCConfigurationList section */
		94CB5D9B1ABA1799009270CC /* Build configuration list for PBXProject "choose" */ = {
			isa = XCConfigurationList;
			buildConfigurations = (
				94CB5DA51ABA1799009270CC /* Debug */,
				94CB5DA61ABA1799009270CC /* Release */,
			);
			defaultConfigurationIsVisible = 0;
			defaultConfigurationName = Release;
		};
		94CB5DA71ABA1799009270CC /* Build configuration list for PBXNativeTarget "choose" */ = {
			isa = XCConfigurationList;
			buildConfigurations = (
				94CB5DA81ABA1799009270CC /* Debug */,
				94CB5DA91ABA1799009270CC /* Release */,
			);
			defaultConfigurationIsVisible = 0;
			defaultConfigurationName = Release;
		};
/* End XCConfigurationList section */
	};
	rootObject = 94CB5D981ABA1799009270CC /* Project object */;
}
